
Microsoft Visual Studio Solution File, Format Version 12.00
# Visual Studio Version 17
VisualStudioVersion = 17.0.32126.317
MinimumVisualStudioVersion = 10.0.40219.1
Project("{8BC9CEB8-8B4A-11D0-8D11-00A0C91BC942}") = "Homework Week 2", "Homework Week 2\Homework Week 2.vcxproj", "{F6C09267-9C9E-4E07-ADB6-DC130E59BB00}"
EndProject
Global
	GlobalSection(SolutionConfigurationPlatforms) = preSolution
		Debug|x64 = Debug|x64
		Debug|x86 = Debug|x86
		Release|x64 = Release|x64
		Release|x86 = Release|x86
	EndGlobalSection
	GlobalSection(ProjectConfigurationPlatforms) = postSolution
		{F6C09267-9C9E-4E07-ADB6-DC130E59BB00}.Debug|x64.ActiveCfg = Debug|x64
		{F6C09267-9C9E-4E07-ADB6-DC130E59BB00}.Debug|x64.Build.0 = Debug|x64
		{F6C09267-9C9E-4E07-ADB6-DC130E59BB00}.Debug|x86.ActiveCfg = Debug|Win32
		{F6C09267-9C9E-4E07-ADB6-DC130E59BB00}.Debug|x86.Build.0 = Debug|Win32
		{F6C09267-9C9E-4E07-ADB6-DC130E59BB00}.Release|x64.ActiveCfg = Release|x64
		{F6C09267-9C9E-4E07-ADB6-DC130E59BB00}.Release|x64.Build.0 = Release|x64
		{F6C09267-9C9E-4E07-ADB6-DC130E59BB00}.Release|x86.ActiveCfg = Release|Win32
		{F6C09267-9C9E-4E07-ADB6-DC130E59BB00}.Release|x86.Build.0 = Release|Win32
	EndGlobalSection
	GlobalSection(SolutionProperties) = preSolution
		HideSolutionNode = FALSE
	EndGlobalSection
	GlobalSection(ExtensibilityGlobals) = postSolution
		SolutionGuid = {CE4F35EB-CCE4-48CF-B0C3-DD0DF99562A0}
	EndGlobalSection
EndGlobal
